
Microsoft Visual Studio Solution File, Format Version 12.00
# Visual Studio Version 16
VisualStudioVersion = 16.0.31911.196
MinimumVisualStudioVersion = 10.0.40219.1
Project("{FAE04EC0-301F-11D3-BF4B-00C04F79EFBC}") = "Modul1.Zadanie20", "Modul1.Zadanie20\Modul1.Zadanie20.csproj", "{75ED2C57-627C-49F8-9228-4D0F2AC45B1E}"
EndProject
Global
	GlobalSection(SolutionConfigurationPlatforms) = preSolution
		Debug|Any CPU = Debug|Any CPU
		Release|Any CPU = Release|Any CPU
	EndGlobalSection
	GlobalSection(ProjectConfigurationPlatforms) = postSolution
		{75ED2C57-627C-49F8-9228-4D0F2AC45B1E}.Debug|Any CPU.ActiveCfg = Debug|Any CPU
		{75ED2C57-627C-49F8-9228-4D0F2AC45B1E}.Debug|Any CPU.Build.0 = Debug|Any CPU
		{75ED2C57-627C-49F8-9228-4D0F2AC45B1E}.Release|Any CPU.ActiveCfg = Release|Any CPU
		{75ED2C57-627C-49F8-9228-4D0F2AC45B1E}.Release|Any CPU.Build.0 = Release|Any CPU
	EndGlobalSection
	GlobalSection(SolutionProperties) = preSolution
		HideSolutionNode = FALSE
	EndGlobalSection
	GlobalSection(ExtensibilityGlobals) = postSolution
		SolutionGuid = {3903C3D0-E87B-4794-9E2F-D0B2480D8BB4}
	EndGlobalSection
EndGlobal
